
Microsoft Visual Studio Solution File, Format Version 12.00
# Visual Studio Version 17
VisualStudioVersion = 17.7.34031.279
MinimumVisualStudioVersion = 10.0.40219.1
Project("{8BC9CEB8-8B4A-11D0-8D11-00A0C91BC942}") = "Assignment2", "Assignment2\Assignment2.vcxproj", "{85E1FE79-8167-4F9D-9DC3-CE8CA3C3DA2E}"
EndProject
Project("{8BC9CEB8-8B4A-11D0-8D11-00A0C91BC942}") = "Assignment0", "Assignment0\Assignment0.vcxproj", "{3F7D1BE3-8670-4598-A729-71436EAAA8EF}"
EndProject
Project("{8BC9CEB8-8B4A-11D0-8D11-00A0C91BC942}") = "Assignment1", "Assignment1\Assignment1\Assignment1.vcxproj", "{754BE24B-E1A8-4F74-963F-4FD7E1A935AD}"
EndProject
Project("{8BC9CEB8-8B4A-11D0-8D11-00A0C91BC942}") = "test", "test\test.vcxproj", "{1474AF78-B9BF-462F-B15E-90C30C1032D5}"
EndProject
Project("{8BC9CEB8-8B4A-11D0-8D11-00A0C91BC942}") = "Assignment3", "Assignment3\Assignment3.vcxproj", "{066697A9-2404-46FF-A599-CCB74721F641}"
EndProject
Project("{8BC9CEB8-8B4A-11D0-8D11-00A0C91BC942}") = "Assignment4", "Assignment4\Assignment4.vcxproj", "{7615E210-6D51-445E-8541-2442E59DFFFB}"
EndProject
Project("{8BC9CEB8-8B4A-11D0-8D11-00A0C91BC942}") = "Assignment5", "Assignment5\Assignment5.vcxproj", "{FABCC1F9-955E-4DA2-B827-7F376AE566CF}"
EndProject
Project("{8BC9CEB8-8B4A-11D0-8D11-00A0C91BC942}") = "Assignment6", "Assignment6\Assignment6.vcxproj", "{6B711D95-F5CA-4D5A-9D2E-752A1A727AA4}"
EndProject
Project("{8BC9CEB8-8B4A-11D0-8D11-00A0C91BC942}") = "Assignment7", "Assignment7\Assignment7.vcxproj", "{0298D710-46E1-4CCE-B1DC-82E913FA5BFC}"
EndProject
Project("{8BC9CEB8-8B4A-11D0-8D11-00A0C91BC942}") = "Assignment8", "Assignment8\src\Assignment8\Assignment8.vcxproj", "{960EEA30-29F4-432B-B45E-59387EE48624}"
EndProject
Project("{8BC9CEB8-8B4A-11D0-8D11-00A0C91BC942}") = "CGL", "Assignment8\CGL\CGL\CGL.vcxproj", "{13536765-4543-42F8-B315-8182C8FF5329}"
EndProject
Global
	GlobalSection(SolutionConfigurationPlatforms) = preSolution
		Debug|Any CPU = Debug|Any CPU
		Debug|x64 = Debug|x64
		Debug|x86 = Debug|x86
		Release|Any CPU = Release|Any CPU
		Release|x64 = Release|x64
		Release|x86 = Release|x86
	EndGlobalSection
	GlobalSection(ProjectConfigurationPlatforms) = postSolution
		{85E1FE79-8167-4F9D-9DC3-CE8CA3C3DA2E}.Debug|Any CPU.ActiveCfg = Debug|x64
		{85E1FE79-8167-4F9D-9DC3-CE8CA3C3DA2E}.Debug|Any CPU.Build.0 = Debug|x64
		{85E1FE79-8167-4F9D-9DC3-CE8CA3C3DA2E}.Debug|x64.ActiveCfg = Debug|x64
		{85E1FE79-8167-4F9D-9DC3-CE8CA3C3DA2E}.Debug|x64.Build.0 = Debug|x64
		{85E1FE79-8167-4F9D-9DC3-CE8CA3C3DA2E}.Debug|x86.ActiveCfg = Debug|Win32
		{85E1FE79-8167-4F9D-9DC3-CE8CA3C3DA2E}.Debug|x86.Build.0 = Debug|Win32
		{85E1FE79-8167-4F9D-9DC3-CE8CA3C3DA2E}.Release|Any CPU.ActiveCfg = Release|x64
		{85E1FE79-8167-4F9D-9DC3-CE8CA3C3DA2E}.Release|Any CPU.Build.0 = Release|x64
		{85E1FE79-8167-4F9D-9DC3-CE8CA3C3DA2E}.Release|x64.ActiveCfg = Release|x64
		{85E1FE79-8167-4F9D-9DC3-CE8CA3C3DA2E}.Release|x64.Build.0 = Release|x64
		{85E1FE79-8167-4F9D-9DC3-CE8CA3C3DA2E}.Release|x86.ActiveCfg = Release|Win32
		{85E1FE79-8167-4F9D-9DC3-CE8CA3C3DA2E}.Release|x86.Build.0 = Release|Win32
		{3F7D1BE3-8670-4598-A729-71436EAAA8EF}.Debug|Any CPU.ActiveCfg = Debug|x64
		{3F7D1BE3-8670-4598-A729-71436EAAA8EF}.Debug|Any CPU.Build.0 = Debug|x64
		{3F7D1BE3-8670-4598-A729-71436EAAA8EF}.Debug|x64.ActiveCfg = Debug|x64
		{3F7D1BE3-8670-4598-A729-71436EAAA8EF}.Debug|x64.Build.0 = Debug|x64
		{3F7D1BE3-8670-4598-A729-71436EAAA8EF}.Debug|x86.ActiveCfg = Debug|Win32
		{3F7D1BE3-8670-4598-A729-71436EAAA8EF}.Debug|x86.Build.0 = Debug|Win32
		{3F7D1BE3-8670-4598-A729-71436EAAA8EF}.Release|Any CPU.ActiveCfg = Release|x64
		{3F7D1BE3-8670-4598-A729-71436EAAA8EF}.Release|Any CPU.Build.0 = Release|x64
		{3F7D1BE3-8670-4598-A729-71436EAAA8EF}.Release|x64.ActiveCfg = Release|x64
		{3F7D1BE3-8670-4598-A729-71436EAAA8EF}.Release|x64.Build.0 = Release|x64
		{3F7D1BE3-8670-4598-A729-71436EAAA8EF}.Release|x86.ActiveCfg = Release|Win32
		{3F7D1BE3-8670-4598-A729-71436EAAA8EF}.Release|x86.Build.0 = Release|Win32
		{754BE24B-E1A8-4F74-963F-4FD7E1A935AD}.Debug|Any CPU.ActiveCfg = Debug|x64
		{754BE24B-E1A8-4F74-963F-4FD7E1A935AD}.Debug|Any CPU.Build.0 = Debug|x64
		{754BE24B-E1A8-4F74-963F-4FD7E1A935AD}.Debug|x64.ActiveCfg = Debug|x64
		{754BE24B-E1A8-4F74-963F-4FD7E1A935AD}.Debug|x64.Build.0 = Debug|x64
		{754BE24B-E1A8-4F74-963F-4FD7E1A935AD}.Debug|x86.ActiveCfg = Debug|Win32
		{754BE24B-E1A8-4F74-963F-4FD7E1A935AD}.Debug|x86.Build.0 = Debug|Win32
		{754BE24B-E1A8-4F74-963F-4FD7E1A935AD}.Release|Any CPU.ActiveCfg = Release|x64
		{754BE24B-E1A8-4F74-963F-4FD7E1A935AD}.Release|Any CPU.Build.0 = Release|x64
		{754BE24B-E1A8-4F74-963F-4FD7E1A935AD}.Release|x64.ActiveCfg = Release|x64
		{754BE24B-E1A8-4F74-963F-4FD7E1A935AD}.Release|x64.Build.0 = Release|x64
		{754BE24B-E1A8-4F74-963F-4FD7E1A935AD}.Release|x86.ActiveCfg = Release|Win32
		{754BE24B-E1A8-4F74-963F-4FD7E1A935AD}.Release|x86.Build.0 = Release|Win32
		{1474AF78-B9BF-462F-B15E-90C30C1032D5}.Debug|Any CPU.ActiveCfg = Debug|x64
		{1474AF78-B9BF-462F-B15E-90C30C1032D5}.Debug|Any CPU.Build.0 = Debug|x64
		{1474AF78-B9BF-462F-B15E-90C30C1032D5}.Debug|x64.ActiveCfg = Debug|x64
		{1474AF78-B9BF-462F-B15E-90C30C1032D5}.Debug|x64.Build.0 = Debug|x64
		{1474AF78-B9BF-462F-B15E-90C30C1032D5}.Debug|x86.ActiveCfg = Debug|Win32
		{1474AF78-B9BF-462F-B15E-90C30C1032D5}.Debug|x86.Build.0 = Debug|Win32
		{1474AF78-B9BF-462F-B15E-90C30C1032D5}.Release|Any CPU.ActiveCfg = Release|x64
		{1474AF78-B9BF-462F-B15E-90C30C1032D5}.Release|Any CPU.Build.0 = Release|x64
		{1474AF78-B9BF-462F-B15E-90C30C1032D5}.Release|x64.ActiveCfg = Release|x64
		{1474AF78-B9BF-462F-B15E-90C30C1032D5}.Release|x64.Build.0 = Release|x64
		{1474AF78-B9BF-462F-B15E-90C30C1032D5}.Release|x86.ActiveCfg = Release|Win32
		{1474AF78-B9BF-462F-B15E-90C30C1032D5}.Release|x86.Build.0 = Release|Win32
		{066697A9-2404-46FF-A599-CCB74721F641}.Debug|Any CPU.ActiveCfg = Debug|x64
		{066697A9-2404-46FF-A599-CCB74721F641}.Debug|Any CPU.Build.0 = Debug|x64
		{066697A9-2404-46FF-A599-CCB74721F641}.Debug|x64.ActiveCfg = Debug|x64
		{066697A9-2404-46FF-A599-CCB74721F641}.Debug|x64.Build.0 = Debug|x64
		{066697A9-2404-46FF-A599-CCB74721F641}.Debug|x86.ActiveCfg = Debug|Win32
		{066697A9-2404-46FF-A599-CCB74721F641}.Debug|x86.Build.0 = Debug|Win32
		{066697A9-2404-46FF-A599-CCB74721F641}.Release|Any CPU.ActiveCfg = Release|x64
		{066697A9-2404-46FF-A599-CCB74721F641}.Release|Any CPU.Build.0 = Release|x64
		{066697A9-2404-46FF-A599-CCB74721F641}.Release|x64.ActiveCfg = Release|x64
		{066697A9-2404-46FF-A599-CCB74721F641}.Release|x64.Build.0 = Release|x64
		{066697A9-2404-46FF-A599-CCB74721F641}.Release|x86.ActiveCfg = Release|Win32
		{066697A9-2404-46FF-A599-CCB74721F641}.Release|x86.Build.0 = Release|Win32
		{7615E210-6D51-445E-8541-2442E59DFFFB}.Debug|Any CPU.ActiveCfg = Debug|x64
		{7615E210-6D51-445E-8541-2442E59DFFFB}.Debug|Any CPU.Build.0 = Debug|x64
		{7615E210-6D51-445E-8541-2442E59DFFFB}.Debug|x64.ActiveCfg = Debug|x64
		{7615E210-6D51-445E-8541-2442E59DFFFB}.Debug|x64.Build.0 = Debug|x64
		{7615E210-6D51-445E-8541-2442E59DFFFB}.Debug|x86.ActiveCfg = Debug|Win32
		{7615E210-6D51-445E-8541-2442E59DFFFB}.Debug|x86.Build.0 = Debug|Win32
		{7615E210-6D51-445E-8541-2442E59DFFFB}.Release|Any CPU.ActiveCfg = Release|x64
		{7615E210-6D51-445E-8541-2442E59DFFFB}.Release|Any CPU.Build.0 = Release|x64
		{7615E210-6D51-445E-8541-2442E59DFFFB}.Release|x64.ActiveCfg = Release|x64
		{7615E210-6D51-445E-8541-2442E59DFFFB}.Release|x64.Build.0 = Release|x64
		{7615E210-6D51-445E-8541-2442E59DFFFB}.Release|x86.ActiveCfg = Release|Win32
		{7615E210-6D51-445E-8541-2442E59DFFFB}.Release|x86.Build.0 = Release|Win32
		{FABCC1F9-955E-4DA2-B827-7F376AE566CF}.Debug|Any CPU.ActiveCfg = Debug|x64
		{FABCC1F9-955E-4DA2-B827-7F376AE566CF}.Debug|Any CPU.Build.0 = Debug|x64
		{FABCC1F9-955E-4DA2-B827-7F376AE566CF}.Debug|x64.ActiveCfg = Debug|x64
		{FABCC1F9-955E-4DA2-B827-7F376AE566CF}.Debug|x64.Build.0 = Debug|x64
		{FABCC1F9-955E-4DA2-B827-7F376AE566CF}.Debug|x86.ActiveCfg = Debug|Win32
		{FABCC1F9-955E-4DA2-B827-7F376AE566CF}.Debug|x86.Build.0 = Debug|Win32
		{FABCC1F9-955E-4DA2-B827-7F376AE566CF}.Release|Any CPU.ActiveCfg = Release|x64
		{FABCC1F9-955E-4DA2-B827-7F376AE566CF}.Release|Any CPU.Build.0 = Release|x64
		{FABCC1F9-955E-4DA2-B827-7F376AE566CF}.Release|x64.ActiveCfg = Release|x64
		{FABCC1F9-955E-4DA2-B827-7F376AE566CF}.Release|x64.Build.0 = Release|x64
		{FABCC1F9-955E-4DA2-B827-7F376AE566CF}.Release|x86.ActiveCfg = Release|Win32
		{FABCC1F9-955E-4DA2-B827-7F376AE566CF}.Release|x86.Build.0 = Release|Win32
		{6B711D95-F5CA-4D5A-9D2E-752A1A727AA4}.Debug|Any CPU.ActiveCfg = Debug|x64
		{6B711D95-F5CA-4D5A-9D2E-752A1A727AA4}.Debug|Any CPU.Build.0 = Debug|x64
		{6B711D95-F5CA-4D5A-9D2E-752A1A727AA4}.Debug|x64.ActiveCfg = Debug|x64
		{6B711D95-F5CA-4D5A-9D2E-752A1A727AA4}.Debug|x64.Build.0 = Debug|x64
		{6B711D95-F5CA-4D5A-9D2E-752A1A727AA4}.Debug|x86.ActiveCfg = Debug|Win32
		{6B711D95-F5CA-4D5A-9D2E-752A1A727AA4}.Debug|x86.Build.0 = Debug|Win32
		{6B711D95-F5CA-4D5A-9D2E-752A1A727AA4}.Release|Any CPU.ActiveCfg = Release|x64
		{6B711D95-F5CA-4D5A-9D2E-752A1A727AA4}.Release|Any CPU.Build.0 = Release|x64
		{6B711D95-F5CA-4D5A-9D2E-752A1A727AA4}.Release|x64.ActiveCfg = Release|x64
		{6B711D95-F5CA-4D5A-9D2E-752A1A727AA4}.Release|x64.Build.0 = Release|x64
		{6B711D95-F5CA-4D5A-9D2E-752A1A727AA4}.Release|x86.ActiveCfg = Release|Win32
		{6B711D95-F5CA-4D5A-9D2E-752A1A727AA4}.Release|x86.Build.0 = Release|Win32
		{0298D710-46E1-4CCE-B1DC-82E913FA5BFC}.Debug|Any CPU.ActiveCfg = Debug|x64
		{0298D710-46E1-4CCE-B1DC-82E913FA5BFC}.Debug|Any CPU.Build.0 = Debug|x64
		{0298D710-46E1-4CCE-B1DC-82E913FA5BFC}.Debug|x64.ActiveCfg = Debug|x64
		{0298D710-46E1-4CCE-B1DC-82E913FA5BFC}.Debug|x64.Build.0 = Debug|x64
		{0298D710-46E1-4CCE-B1DC-82E913FA5BFC}.Debug|x86.ActiveCfg = Debug|Win32
		{0298D710-46E1-4CCE-B1DC-82E913FA5BFC}.Debug|x86.Build.0 = Debug|Win32
		{0298D710-46E1-4CCE-B1DC-82E913FA5BFC}.Release|Any CPU.ActiveCfg = Release|x64
		{0298D710-46E1-4CCE-B1DC-82E913FA5BFC}.Release|Any CPU.Build.0 = Release|x64
		{0298D710-46E1-4CCE-B1DC-82E913FA5BFC}.Release|x64.ActiveCfg = Release|x64
		{0298D710-46E1-4CCE-B1DC-82E913FA5BFC}.Release|x64.Build.0 = Release|x64
		{0298D710-46E1-4CCE-B1DC-82E913FA5BFC}.Release|x86.ActiveCfg = Release|Win32
		{0298D710-46E1-4CCE-B1DC-82E913FA5BFC}.Release|x86.Build.0 = Release|Win32
		{960EEA30-29F4-432B-B45E-59387EE48624}.Debug|Any CPU.ActiveCfg = Debug|x64
		{960EEA30-29F4-432B-B45E-59387EE48624}.Debug|Any CPU.Build.0 = Debug|x64
		{960EEA30-29F4-432B-B45E-59387EE48624}.Debug|x64.ActiveCfg = Debug|x64
		{960EEA30-29F4-432B-B45E-59387EE48624}.Debug|x64.Build.0 = Debug|x64
		{960EEA30-29F4-432B-B45E-59387EE48624}.Debug|x86.ActiveCfg = Debug|Win32
		{960EEA30-29F4-432B-B45E-59387EE48624}.Debug|x86.Build.0 = Debug|Win32
		{960EEA30-29F4-432B-B45E-59387EE48624}.Release|Any CPU.ActiveCfg = Release|x64
		{960EEA30-29F4-432B-B45E-59387EE48624}.Release|Any CPU.Build.0 = Release|x64
		{960EEA30-29F4-432B-B45E-59387EE48624}.Release|x64.ActiveCfg = Release|x64
		{960EEA30-29F4-432B-B45E-59387EE48624}.Release|x64.Build.0 = Release|x64
		{960EEA30-29F4-432B-B45E-59387EE48624}.Release|x86.ActiveCfg = Release|Win32
		{960EEA30-29F4-432B-B45E-59387EE48624}.Release|x86.Build.0 = Release|Win32
		{13536765-4543-42F8-B315-8182C8FF5329}.Debug|Any CPU.ActiveCfg = Debug|x64
		{13536765-4543-42F8-B315-8182C8FF5329}.Debug|Any CPU.Build.0 = Debug|x64
		{13536765-4543-42F8-B315-8182C8FF5329}.Debug|x64.ActiveCfg = Debug|x64
		{13536765-4543-42F8-B315-8182C8FF5329}.Debug|x64.Build.0 = Debug|x64
		{13536765-4543-42F8-B315-8182C8FF5329}.Debug|x86.ActiveCfg = Debug|Win32
		{13536765-4543-42F8-B315-8182C8FF5329}.Debug|x86.Build.0 = Debug|Win32
		{13536765-4543-42F8-B315-8182C8FF5329}.Release|Any CPU.ActiveCfg = Release|x64
		{13536765-4543-42F8-B315-8182C8FF5329}.Release|Any CPU.Build.0 = Release|x64
		{13536765-4543-42F8-B315-8182C8FF5329}.Release|x64.ActiveCfg = Release|x64
		{13536765-4543-42F8-B315-8182C8FF5329}.Release|x64.Build.0 = Release|x64
		{13536765-4543-42F8-B315-8182C8FF5329}.Release|x86.ActiveCfg = Release|Win32
		{13536765-4543-42F8-B315-8182C8FF5329}.Release|x86.Build.0 = Release|Win32
	EndGlobalSection
	GlobalSection(SolutionProperties) = preSolution
		HideSolutionNode = FALSE
	EndGlobalSection
	GlobalSection(ExtensibilityGlobals) = postSolution
		SolutionGuid = {FA5F397E-97A4-468D-AAA7-95D56B52B47D}
	EndGlobalSection
EndGlobal
